// !$*UTF8*$!
{
	archiveVersion = 1;
	classes = {
	};
	objectVersion = 55;
	objects = {

/* Begin PBXBuildFile section */
		18599A2227C6168000B20FBD /* AppDelegate.swift in Sources */ = {isa = PBXBuildFile; fileRef = 18599A2127C6168000B20FBD /* AppDelegate.swift */; };
		18599A2427C6168000B20FBD /* SceneDelegate.swift in Sources */ = {isa = PBXBuildFile; fileRef = 18599A2327C6168000B20FBD /* SceneDelegate.swift */; };
		18599A2627C6168000B20FBD /* ViewController.swift in Sources */ = {isa = PBXBuildFile; fileRef = 18599A2527C6168000B20FBD /* ViewController.swift */; };
		18599A2927C6168000B20FBD /* Main.storyboard in Resources */ = {isa = PBXBuildFile; fileRef = 18599A2727C6168000B20FBD /* Main.storyboard */; };
		18599A2B27C6168100B20FBD /* Assets.xcassets in Resources */ = {isa = PBXBuildFile; fileRef = 18599A2A27C6168100B20FBD /* Assets.xcassets */; };
		18599A2E27C6168100B20FBD /* LaunchScreen.storyboard in Resources */ = {isa = PBXBuildFile; fileRef = 18599A2C27C6168100B20FBD /* LaunchScreen.storyboard */; };
		18599A3927C6168200B20FBD /* tricolorTests.swift in Sources */ = {isa = PBXBuildFile; fileRef = 18599A3827C6168200B20FBD /* tricolorTests.swift */; };
		18599A4327C6168200B20FBD /* tricolorUITests.swift in Sources */ = {isa = PBXBuildFile; fileRef = 18599A4227C6168200B20FBD /* tricolorUITests.swift */; };
		18599A4527C6168200B20FBD /* tricolorUITestsLaunchTests.swift in Sources */ = {isa = PBXBuildFile; fileRef = 18599A4427C6168200B20FBD /* tricolorUITestsLaunchTests.swift */; };
/* End PBXBuildFile section */

/* Begin PBXContainerItemProxy section */
		18599A3527C6168200B20FBD /* PBXContainerItemProxy */ = {
			isa = PBXContainerItemProxy;
			containerPortal = 18599A1627C6168000B20FBD /* Project object */;
			proxyType = 1;
			remoteGlobalIDString = 18599A1D27C6168000B20FBD;
			remoteInfo = tricolor;
		};
		18599A3F27C6168200B20FBD /* PBXContainerItemProxy */ = {
			isa = PBXContainerItemProxy;
			containerPortal = 18599A1627C6168000B20FBD /* Project object */;
			proxyType = 1;
			remoteGlobalIDString = 18599A1D27C6168000B20FBD;
			remoteInfo = tricolor;
		};
/* End PBXContainerItemProxy section */

/* Begin PBXFileReference section */
		18599A1E27C6168000B20FBD /* tricolor.app */ = {isa = PBXFileReference; explicitFileType = wrapper.application; includeInIndex = 0; path = tricolor.app; sourceTree = BUILT_PRODUCTS_DIR; };
		18599A2127C6168000B20FBD /* AppDelegate.swift */ = {isa = PBXFileReference; lastKnownFileType = sourcecode.swift; path = AppDelegate.swift; sourceTree = "<group>"; };
		18599A2327C6168000B20FBD /* SceneDelegate.swift */ = {isa = PBXFileReference; lastKnownFileType = sourcecode.swift; path = SceneDelegate.swift; sourceTree = "<group>"; };
		18599A2527C6168000B20FBD /* ViewController.swift */ = {isa = PBXFileReference; lastKnownFileType = sourcecode.swift; path = ViewController.swift; sourceTree = "<group>"; };
		18599A2827C6168000B20FBD /* Base */ = {isa = PBXFileReference; lastKnownFileType = file.storyboard; name = Base; path = Base.lproj/Main.storyboard; sourceTree = "<group>"; };
		18599A2A27C6168100B20FBD /* Assets.xcassets */ = {isa = PBXFileReference; lastKnownFileType = folder.assetcatalog; path = Assets.xcassets; sourceTree = "<group>"; };
		18599A2D27C6168100B20FBD /* Base */ = {isa = PBXFileReference; lastKnownFileType = file.storyboard; name = Base; path = Base.lproj/LaunchScreen.storyboard; sourceTree = "<group>"; };
		18599A2F27C6168100B20FBD /* Info.plist */ = {isa = PBXFileReference; lastKnownFileType = text.plist.xml; path = Info.plist; sourceTree = "<group>"; };
		18599A3427C6168200B20FBD /* tricolorTests.xctest */ = {isa = PBXFileReference; explicitFileType = wrapper.cfbundle; includeInIndex = 0; path = tricolorTests.xctest; sourceTree = BUILT_PRODUCTS_DIR; };
		18599A3827C6168200B20FBD /* tricolorTests.swift */ = {isa = PBXFileReference; lastKnownFileType = sourcecode.swift; path = tricolorTests.swift; sourceTree = "<group>"; };
		18599A3E27C6168200B20FBD /* tricolorUITests.xctest */ = {isa = PBXFileReference; explicitFileType = wrapper.cfbundle; includeInIndex = 0; path = tricolorUITests.xctest; sourceTree = BUILT_PRODUCTS_DIR; };
		18599A4227C6168200B20FBD /* tricolorUITests.swift */ = {isa = PBXFileReference; lastKnownFileType = sourcecode.swift; path = tricolorUITests.swift; sourceTree = "<group>"; };
		18599A4427C6168200B20FBD /* tricolorUITestsLaunchTests.swift */ = {isa = PBXFileReference; lastKnownFileType = sourcecode.swift; path = tricolorUITestsLaunchTests.swift; sourceTree = "<group>"; };
/* End PBXFileReference section */

/* Begin PBXFrameworksBuildPhase section */
		18599A1B27C6168000B20FBD /* Frameworks */ = {
			isa = PBXFrameworksBuildPhase;
			buildActionMask = 2147483647;
			files = (
			);
			runOnlyForDeploymentPostprocessing = 0;
		};
		18599A3127C6168200B20FBD /* Frameworks */ = {
			isa = PBXFrameworksBuildPhase;
			buildActionMask = 2147483647;
			files = (
			);
			runOnlyForDeploymentPostprocessing = 0;
		};
		18599A3B27C6168200B20FBD /* Frameworks */ = {
			isa = PBXFrameworksBuildPhase;
			buildActionMask = 2147483647;
			files = (
			);
			runOnlyForDeploymentPostprocessing = 0;
		};
/* End PBXFrameworksBuildPhase section */

/* Begin PBXGroup section */
		18599A1527C6168000B20FBD = {
			isa = PBXGroup;
			children = (
				18599A2027C6168000B20FBD /* tricolor */,
				18599A3727C6168200B20FBD /* tricolorTests */,
				18599A4127C6168200B20FBD /* tricolorUITests */,
				18599A1F27C6168000B20FBD /* Products */,
			);
			sourceTree = "<group>";
		};
		18599A1F27C6168000B20FBD /* Products */ = {
			isa = PBXGroup;
			children = (
				18599A1E27C6168000B20FBD /* tricolor.app */,
				18599A3427C6168200B20FBD /* tricolorTests.xctest */,
				18599A3E27C6168200B20FBD /* tricolorUITests.xctest */,
			);
			name = Products;
			sourceTree = "<group>";
		};
		18599A2027C6168000B20FBD /* tricolor */ = {
			isa = PBXGroup;
			children = (
				18599A2127C6168000B20FBD /* AppDelegate.swift */,
				18599A2327C6168000B20FBD /* SceneDelegate.swift */,
				18599A2527C6168000B20FBD /* ViewController.swift */,
				18599A2727C6168000B20FBD /* Main.storyboard */,
				18599A2A27C6168100B20FBD /* Assets.xcassets */,
				18599A2C27C6168100B20FBD /* LaunchScreen.storyboard */,
				18599A2F27C6168100B20FBD /* Info.plist */,
			);
			path = tricolor;
			sourceTree = "<group>";
		};
		18599A3727C6168200B20FBD /* tricolorTests */ = {
			isa = PBXGroup;
			children = (
				18599A3827C6168200B20FBD /* tricolorTests.swift */,
			);
			path = tricolorTests;
			sourceTree = "<group>";
		};
		18599A4127C6168200B20FBD /* tricolorUITests */ = {
			isa = PBXGroup;
			children = (
				18599A4227C6168200B20FBD /* tricolorUITests.swift */,
				18599A4427C6168200B20FBD /* tricolorUITestsLaunchTests.swift */,
			);
			path = tricolorUITests;
			sourceTree = "<group>";
		};
/* End PBXGroup section */

/* Begin PBXNativeTarget section */
		18599A1D27C6168000B20FBD /* tricolor */ = {
			isa = PBXNativeTarget;
			buildConfigurationList = 18599A4827C6168200B20FBD /* Build configuration list for PBXNativeTarget "tricolor" */;
			buildPhases = (
				18599A1A27C6168000B20FBD /* Sources */,
				18599A1B27C6168000B20FBD /* Frameworks */,
				18599A1C27C6168000B20FBD /* Resources */,
			);
			buildRules = (
			);
			dependencies = (
			);
			name = tricolor;
			productName = tricolor;
			productReference = 18599A1E27C6168000B20FBD /* tricolor.app */;
			productType = "com.apple.product-type.application";
		};
		18599A3327C6168200B20FBD /* tricolorTests */ = {
			isa = PBXNativeTarget;
			buildConfigurationList = 18599A4B27C6168200B20FBD /* Build configuration list for PBXNativeTarget "tricolorTests" */;
			buildPhases = (
				18599A3027C6168200B20FBD /* Sources */,
				18599A3127C6168200B20FBD /* Frameworks */,
				18599A3227C6168200B20FBD /* Resources */,
			);
			buildRules = (
			);
			dependencies = (
				18599A3627C6168200B20FBD /* PBXTargetDependency */,
			);
			name = tricolorTests;
			productName = tricolorTests;
			productReference = 18599A3427C6168200B20FBD /* tricolorTests.xctest */;
			productType = "com.apple.product-type.bundle.unit-test";
		};
		18599A3D27C6168200B20FBD /* tricolorUITests */ = {
			isa = PBXNativeTarget;
			buildConfigurationList = 18599A4E27C6168200B20FBD /* Build configuration list for PBXNativeTarget "tricolorUITests" */;
			buildPhases = (
				18599A3A27C6168200B20FBD /* Sources */,
				18599A3B27C6168200B20FBD /* Frameworks */,
				18599A3C27C6168200B20FBD /* Resources */,
			);
			buildRules = (
			);
			dependencies = (
				18599A4027C6168200B20FBD /* PBXTargetDependency */,
			);
			name = tricolorUITests;
			productName = tricolorUITests;
			productReference = 18599A3E27C6168200B20FBD /* tricolorUITests.xctest */;
			productType = "com.apple.product-type.bundle.ui-testing";
		};
/* End PBXNativeTarget section */

/* Begin PBXProject section */
		18599A1627C6168000B20FBD /* Project object */ = {
			isa = PBXProject;
			attributes = {
				BuildIndependentTargetsInParallel = 1;
				LastSwiftUpdateCheck = 1320;
				LastUpgradeCheck = 1320;
				TargetAttributes = {
					18599A1D27C6168000B20FBD = {
						CreatedOnToolsVersion = 13.2.1;
					};
					18599A3327C6168200B20FBD = {
						CreatedOnToolsVersion = 13.2.1;
						TestTargetID = 18599A1D27C6168000B20FBD;
					};
					18599A3D27C6168200B20FBD = {
						CreatedOnToolsVersion = 13.2.1;
						TestTargetID = 18599A1D27C6168000B20FBD;
					};
				};
			};
			buildConfigurationList = 18599A1927C6168000B20FBD /* Build configuration list for PBXProject "tricolor" */;
			compatibilityVersion = "Xcode 13.0";
			developmentRegion = en;
			hasScannedForEncodings = 0;
			knownRegions = (
				en,
				Base,
			);
			mainGroup = 18599A1527C6168000B20FBD;
			productRefGroup = 18599A1F27C6168000B20FBD /* Products */;
			projectDirPath = "";
			projectRoot = "";
			targets = (
				18599A1D27C6168000B20FBD /* tricolor */,
				18599A3327C6168200B20FBD /* tricolorTests */,
				18599A3D27C6168200B20FBD /* tricolorUITests */,
			);
		};
/* End PBXProject section */

/* Begin PBXResourcesBuildPhase section */
		18599A1C27C6168000B20FBD /* Resources */ = {
			isa = PBXResourcesBuildPhase;
			buildActionMask = 2147483647;
			files = (
				18599A2E27C6168100B20FBD /* LaunchScreen.storyboard in Resources */,
				18599A2B27C6168100B20FBD /* Assets.xcassets in Resources */,
				18599A2927C6168000B20FBD /* Main.storyboard in Resources */,
			);
			runOnlyForDeploymentPostprocessing = 0;
		};
		18599A3227C6168200B20FBD /* Resources */ = {
			isa = PBXResourcesBuildPhase;
			buildActionMask = 2147483647;
			files = (
			);
			runOnlyForDeploymentPostprocessing = 0;
		};
		18599A3C27C6168200B20FBD /* Resources */ = {
			isa = PBXResourcesBuildPhase;
			buildActionMask = 2147483647;
			files = (
			);
			runOnlyForDeploymentPostprocessing = 0;
		};
/* End PBXResourcesBuildPhase section */

/* Begin PBXSourcesBuildPhase section */
		18599A1A27C6168000B20FBD /* Sources */ = {
			isa = PBXSourcesBuildPhase;
			buildActionMask = 2147483647;
			files = (
				18599A2627C6168000B20FBD /* ViewController.swift in Sources */,
				18599A2227C6168000B20FBD /* AppDelegate.swift in Sources */,
				18599A2427C6168000B20FBD /* SceneDelegate.swift in Sources */,
			);
			runOnlyForDeploymentPostprocessing = 0;
		};
		18599A3027C6168200B20FBD /* Sources */ = {
			isa = PBXSourcesBuildPhase;
			buildActionMask = 2147483647;
			files = (
				18599A3927C6168200B20FBD /* tricolorTests.swift in Sources */,
			);
			runOnlyForDeploymentPostprocessing = 0;
		};
		18599A3A27C6168200B20FBD /* Sources */ = {
			isa = PBXSourcesBuildPhase;
			buildActionMask = 2147483647;
			files = (
				18599A4527C6168200B20FBD /* tricolorUITestsLaunchTests.swift in Sources */,
				18599A4327C6168200B20FBD /* tricolorUITests.swift in Sources */,
			);
			runOnlyForDeploymentPostprocessing = 0;
		};
/* End PBXSourcesBuildPhase section */

/* Begin PBXTargetDependency section */
		18599A3627C6168200B20FBD /* PBXTargetDependency */ = {
			isa = PBXTargetDependency;
			target = 18599A1D27C6168000B20FBD /* tricolor */;
			targetProxy = 18599A3527C6168200B20FBD /* PBXContainerItemProxy */;
		};
		18599A4027C6168200B20FBD /* PBXTargetDependency */ = {
			isa = PBXTargetDependency;
			target = 18599A1D27C6168000B20FBD /* tricolor */;
			targetProxy = 18599A3F27C6168200B20FBD /* PBXContainerItemProxy */;
		};
/* End PBXTargetDependency section */

/* Begin PBXVariantGroup section */
		18599A2727C6168000B20FBD /* Main.storyboard */ = {
			isa = PBXVariantGroup;
			children = (
				18599A2827C6168000B20FBD /* Base */,
			);
			name = Main.storyboard;
			sourceTree = "<group>";
		};
		18599A2C27C6168100B20FBD /* LaunchScreen.storyboard */ = {
			isa = PBXVariantGroup;
			children = (
				18599A2D27C6168100B20FBD /* Base */,
			);
			name = LaunchScreen.storyboard;
			sourceTree = "<group>";
		};
/* End PBXVariantGroup section */

/* Begin XCBuildConfiguration section */
		18599A4627C6168200B20FBD /* Debug */ = {
			isa = XCBuildConfiguration;
			buildSettings = {
				ALWAYS_SEARCH_USER_PATHS = NO;
				CLANG_ANALYZER_NONNULL = YES;
				CLANG_ANALYZER_NUMBER_OBJECT_CONVERSION = YES_AGGRESSIVE;
				CLANG_CXX_LANGUAGE_STANDARD = "gnu++17";
				CLANG_CXX_LIBRARY = "libc++";
				CLANG_ENABLE_MODULES = YES;
				CLANG_ENABLE_OBJC_ARC = YES;
				CLANG_ENABLE_OBJC_WEAK = YES;
				CLANG_WARN_BLOCK_CAPTURE_AUTORELEASING = YES;
				CLANG_WARN_BOOL_CONVERSION = YES;
				CLANG_WARN_COMMA = YES;
				CLANG_WARN_CONSTANT_CONVERSION = YES;
				CLANG_WARN_DEPRECATED_OBJC_IMPLEMENTATIONS = YES;
				CLANG_WARN_DIRECT_OBJC_ISA_USAGE = YES_ERROR;
				CLANG_WARN_DOCUMENTATION_COMMENTS = YES;
				CLANG_WARN_EMPTY_BODY = YES;
				CLANG_WARN_ENUM_CONVERSION = YES;
				CLANG_WARN_INFINITE_RECURSION = YES;
				CLANG_WARN_INT_CONVERSION = YES;
				CLANG_WARN_NON_LITERAL_NULL_CONVERSION = YES;
				CLANG_WARN_OBJC_IMPLICIT_RETAIN_SELF = YES;
				CLANG_WARN_OBJC_LITERAL_CONVERSION = YES;
				CLANG_WARN_OBJC_ROOT_CLASS = YES_ERROR;
				CLANG_WARN_QUOTED_INCLUDE_IN_FRAMEWORK_HEADER = YES;
				CLANG_WARN_RANGE_LOOP_ANALYSIS = YES;
				CLANG_WARN_STRICT_PROTOTYPES = YES;
				CLANG_WARN_SUSPICIOUS_MOVE = YES;
				CLANG_WARN_UNGUARDED_AVAILABILITY = YES_AGGRESSIVE;
				CLANG_WARN_UNREACHABLE_CODE = YES;
				CLANG_WARN__DUPLICATE_METHOD_MATCH = YES;
				COPY_PHASE_STRIP = NO;
				DEBUG_INFORMATION_FORMAT = dwarf;
				ENABLE_STRICT_OBJC_MSGSEND = YES;
				ENABLE_TESTABILITY = YES;
				GCC_C_LANGUAGE_STANDARD = gnu11;
				GCC_DYNAMIC_NO_PIC = NO;
				GCC_NO_COMMON_BLOCKS = YES;
				GCC_OPTIMIZATION_LEVEL = 0;
				GCC_PREPROCESSOR_DEFINITIONS = (
					"DEBUG=1",
					"$(inherited)",
				);
				GCC_WARN_64_TO_32_BIT_CONVERSION = YES;
				GCC_WARN_ABOUT_RETURN_TYPE = YES_ERROR;
				GCC_WARN_UNDECLARED_SELECTOR = YES;
				GCC_WARN_UNINITIALIZED_AUTOS = YES_AGGRESSIVE;
				GCC_WARN_UNUSED_FUNCTION = YES;
				GCC_WARN_UNUSED_VARIABLE = YES;
				IPHONEOS_DEPLOYMENT_TARGET = 15.2;
				MTL_ENABLE_DEBUG_INFO = INCLUDE_SOURCE;
				MTL_FAST_MATH = YES;
				ONLY_ACTIVE_ARCH = YES;
				SDKROOT = iphoneos;
				SWIFT_ACTIVE_COMPILATION_CONDITIONS = DEBUG;
				SWIFT_OPTIMIZATION_LEVEL = "-Onone";
			};
			name = Debug;
		};
		18599A4727C6168200B20FBD /* Release */ = {
			isa = XCBuildConfiguration;
			buildSettings = {
				ALWAYS_SEARCH_USER_PATHS = NO;
				CLANG_ANALYZER_NONNULL = YES;
				CLANG_ANALYZER_NUMBER_OBJECT_CONVERSION = YES_AGGRESSIVE;
				CLANG_CXX_LANGUAGE_STANDARD = "gnu++17";
				CLANG_CXX_LIBRARY = "libc++";
				CLANG_ENABLE_MODULES = YES;
				CLANG_ENABLE_OBJC_ARC = YES;
				CLANG_ENABLE_OBJC_WEAK = YES;
				CLANG_WARN_BLOCK_CAPTURE_AUTORELEASING = YES;
				CLANG_WARN_BOOL_CONVERSION = YES;
				CLANG_WARN_COMMA = YES;
				CLANG_WARN_CONSTANT_CONVERSION = YES;
				CLANG_WARN_DEPRECATED_OBJC_IMPLEMENTATIONS = YES;
				CLANG_WARN_DIRECT_OBJC_ISA_USAGE = YES_ERROR;
				CLANG_WARN_DOCUMENTATION_COMMENTS = YES;
				CLANG_WARN_EMPTY_BODY = YES;
				CLANG_WARN_ENUM_CONVERSION = YES;
				CLANG_WARN_INFINITE_RECURSION = YES;
				CLANG_WARN_INT_CONVERSION = YES;
				CLANG_WARN_NON_LITERAL_NULL_CONVERSION = YES;
				CLANG_WARN_OBJC_IMPLICIT_RETAIN_SELF = YES;
				CLANG_WARN_OBJC_LITERAL_CONVERSION = YES;
				CLANG_WARN_OBJC_ROOT_CLASS = YES_ERROR;
				CLANG_WARN_QUOTED_INCLUDE_IN_FRAMEWORK_HEADER = YES;
				CLANG_WARN_RANGE_LOOP_ANALYSIS = YES;
				CLANG_WARN_STRICT_PROTOTYPES = YES;
				CLANG_WARN_SUSPICIOUS_MOVE = YES;
				CLANG_WARN_UNGUARDED_AVAILABILITY = YES_AGGRESSIVE;
				CLANG_WARN_UNREACHABLE_CODE = YES;
				CLANG_WARN__DUPLICATE_METHOD_MATCH = YES;
				COPY_PHASE_STRIP = NO;
				DEBUG_INFORMATION_FORMAT = "dwarf-with-dsym";
				ENABLE_NS_ASSERTIONS = NO;
				ENABLE_STRICT_OBJC_MSGSEND = YES;
				GCC_C_LANGUAGE_STANDARD = gnu11;
				GCC_NO_COMMON_BLOCKS = YES;
				GCC_WARN_64_TO_32_BIT_CONVERSION = YES;
				GCC_WARN_ABOUT_RETURN_TYPE = YES_ERROR;
				GCC_WARN_UNDECLARED_SELECTOR = YES;
				GCC_WARN_UNINITIALIZED_AUTOS = YES_AGGRESSIVE;
				GCC_WARN_UNUSED_FUNCTION = YES;
				GCC_WARN_UNUSED_VARIABLE = YES;
				IPHONEOS_DEPLOYMENT_TARGET = 15.2;
				MTL_ENABLE_DEBUG_INFO = NO;
				MTL_FAST_MATH = YES;
				SDKROOT = iphoneos;
				SWIFT_COMPILATION_MODE = wholemodule;
				SWIFT_OPTIMIZATION_LEVEL = "-O";
				VALIDATE_PRODUCT = YES;
			};
			name = Release;
		};
		18599A4927C6168200B20FBD /* Debug */ = {
			isa = XCBuildConfiguration;
			buildSettings = {
				ASSETCATALOG_COMPILER_APPICON_NAME = AppIcon;
				ASSETCATALOG_COMPILER_GLOBAL_ACCENT_COLOR_NAME = AccentColor;
				CODE_SIGN_STYLE = Automatic;
				CURRENT_PROJECT_VERSION = 1;
				GENERATE_INFOPLIST_FILE = YES;
				INFOPLIST_FILE = tricolor/Info.plist;
				INFOPLIST_KEY_UIApplicationSupportsIndirectInputEvents = YES;
				INFOPLIST_KEY_UILaunchStoryboardName = LaunchScreen;
				INFOPLIST_KEY_UIMainStoryboardFile = Main;
				INFOPLIST_KEY_UISupportedInterfaceOrientations_iPad = "UIInterfaceOrientationPortrait UIInterfaceOrientationPortraitUpsideDown UIInterfaceOrientationLandscapeLeft UIInterfaceOrientationLandscapeRight";
				INFOPLIST_KEY_UISupportedInterfaceOrientations_iPhone = "UIInterfaceOrientationPortrait UIInterfaceOrientationLandscapeLeft UIInterfaceOrientationLandscapeRight";
				LD_RUNPATH_SEARCH_PATHS = (
					"$(inherited)",
					"@executable_path/Frameworks",
				);
				MARKETING_VERSION = 1.0;
				PRODUCT_BUNDLE_IDENTIFIER = Apurva.tricolor;
				PRODUCT_NAME = "$(TARGET_NAME)";
				SWIFT_EMIT_LOC_STRINGS = YES;
				SWIFT_VERSION = 5.0;
				TARGETED_DEVICE_FAMILY = "1,2";
			};
			name = Debug;
		};
		18599A4A27C6168200B20FBD /* Release */ = {
			isa = XCBuildConfiguration;
			buildSettings = {
				ASSETCATALOG_COMPILER_APPICON_NAME = AppIcon;
				ASSETCATALOG_COMPILER_GLOBAL_ACCENT_COLOR_NAME = AccentColor;
				CODE_SIGN_STYLE = Automatic;
				CURRENT_PROJECT_VERSION = 1;
				GENERATE_INFOPLIST_FILE = YES;
				INFOPLIST_FILE = tricolor/Info.plist;
				INFOPLIST_KEY_UIApplicationSupportsIndirectInputEvents = YES;
				INFOPLIST_KEY_UILaunchStoryboardName = LaunchScreen;
				INFOPLIST_KEY_UIMainStoryboardFile = Main;
				INFOPLIST_KEY_UISupportedInterfaceOrientations_iPad = "UIInterfaceOrientationPortrait UIInterfaceOrientationPortraitUpsideDown UIInterfaceOrientationLandscapeLeft UIInterfaceOrientationLandscapeRight";
				INFOPLIST_KEY_UISupportedInterfaceOrientations_iPhone = "UIInterfaceOrientationPortrait UIInterfaceOrientationLandscapeLeft UIInterfaceOrientationLandscapeRight";
				LD_RUNPATH_SEARCH_PATHS = (
					"$(inherited)",
					"@executable_path/Frameworks",
				);
				MARKETING_VERSION = 1.0;
				PRODUCT_BUNDLE_IDENTIFIER = Apurva.tricolor;
				PRODUCT_NAME = "$(TARGET_NAME)";
				SWIFT_EMIT_LOC_STRINGS = YES;
				SWIFT_VERSION = 5.0;
				TARGETED_DEVICE_FAMILY = "1,2";
			};
			name = Release;
		};
		18599A4C27C6168200B20FBD /* Debug */ = {
			isa = XCBuildConfiguration;
			buildSettings = {
				ALWAYS_EMBED_SWIFT_STANDARD_LIBRARIES = YES;
				BUNDLE_LOADER = "$(TEST_HOST)";
				CODE_SIGN_STYLE = Automatic;
				CURRENT_PROJECT_VERSION = 1;
				GENERATE_INFOPLIST_FILE = YES;
				IPHONEOS_DEPLOYMENT_TARGET = 15.2;
				MARKETING_VERSION = 1.0;
				PRODUCT_BUNDLE_IDENTIFIER = Apurva.tricolorTests;
				PRODUCT_NAME = "$(TARGET_NAME)";
				SWIFT_EMIT_LOC_STRINGS = NO;
				SWIFT_VERSION = 5.0;
				TARGETED_DEVICE_FAMILY = "1,2";
				TEST_HOST = "$(BUILT_PRODUCTS_DIR)/tricolor.app/tricolor";
			};
			name = Debug;
		};
		18599A4D27C6168200B20FBD /* Release */ = {
			isa = XCBuildConfiguration;
			buildSettings = {
				ALWAYS_EMBED_SWIFT_STANDARD_LIBRARIES = YES;
				BUNDLE_LOADER = "$(TEST_HOST)";
				CODE_SIGN_STYLE = Automatic;
				CURRENT_PROJECT_VERSION = 1;
				GENERATE_INFOPLIST_FILE = YES;
				IPHONEOS_DEPLOYMENT_TARGET = 15.2;
				MARKETING_VERSION = 1.0;
				PRODUCT_BUNDLE_IDENTIFIER = Apurva.tricolorTests;
				PRODUCT_NAME = "$(TARGET_NAME)";
				SWIFT_EMIT_LOC_STRINGS = NO;
				SWIFT_VERSION = 5.0;
				TARGETED_DEVICE_FAMILY = "1,2";
				TEST_HOST = "$(BUILT_PRODUCTS_DIR)/tricolor.app/tricolor";
			};
			name = Release;
		};
		18599A4F27C6168200B20FBD /* Debug */ = {
			isa = XCBuildConfiguration;
			buildSettings = {
				ALWAYS_EMBED_SWIFT_STANDARD_LIBRARIES = YES;
				CODE_SIGN_STYLE = Automatic;
				CURRENT_PROJECT_VERSION = 1;
				GENERATE_INFOPLIST_FILE = YES;
				MARKETING_VERSION = 1.0;
				PRODUCT_BUNDLE_IDENTIFIER = Apurva.tricolorUITests;
				PRODUCT_NAME = "$(TARGET_NAME)";
				SWIFT_EMIT_LOC_STRINGS = NO;
				SWIFT_VERSION = 5.0;
				TARGETED_DEVICE_FAMILY = "1,2";
				TEST_TARGET_NAME = tricolor;
			};
			name = Debug;
		};
		18599A5027C6168200B20FBD /* Release */ = {
			isa = XCBuildConfiguration;
			buildSettings = {
				ALWAYS_EMBED_SWIFT_STANDARD_LIBRARIES = YES;
				CODE_SIGN_STYLE = Automatic;
				CURRENT_PROJECT_VERSION = 1;
				GENERATE_INFOPLIST_FILE = YES;
				MARKETING_VERSION = 1.0;
				PRODUCT_BUNDLE_IDENTIFIER = Apurva.tricolorUITests;
				PRODUCT_NAME = "$(TARGET_NAME)";
				SWIFT_EMIT_LOC_STRINGS = NO;
				SWIFT_VERSION = 5.0;
				TARGETED_DEVICE_FAMILY = "1,2";
				TEST_TARGET_NAME = tricolor;
			};
			name = Release;
		};
/* End XCBuildConfiguration section */

/* Begin XCConfigurationList section */
		18599A1927C6168000B20FBD /* Build configuration list for PBXProject "tricolor" */ = {
			isa = XCConfigurationList;
			buildConfigurations = (
				18599A4627C6168200B20FBD /* Debug */,
				18599A4727C6168200B20FBD /* Release */,
			);
			defaultConfigurationIsVisible = 0;
			defaultConfigurationName = Release;
		};
		18599A4827C6168200B20FBD /* Build configuration list for PBXNativeTarget "tricolor" */ = {
			isa = XCConfigurationList;
			buildConfigurations = (
				18599A4927C6168200B20FBD /* Debug */,
				18599A4A27C6168200B20FBD /* Release */,
			);
			defaultConfigurationIsVisible = 0;
			defaultConfigurationName = Release;
		};
		18599A4B27C6168200B20FBD /* Build configuration list for PBXNativeTarget "tricolorTests" */ = {
			isa = XCConfigurationList;
			buildConfigurations = (
				18599A4C27C6168200B20FBD /* Debug */,
				18599A4D27C6168200B20FBD /* Release */,
			);
			defaultConfigurationIsVisible = 0;
			defaultConfigurationName = Release;
		};
		18599A4E27C6168200B20FBD /* Build configuration list for PBXNativeTarget "tricolorUITests" */ = {
			isa = XCConfigurationList;
			buildConfigurations = (
				18599A4F27C6168200B20FBD /* Debug */,
				18599A5027C6168200B20FBD /* Release */,
			);
			defaultConfigurationIsVisible = 0;
			defaultConfigurationName = Release;
		};
/* End XCConfigurationList section */
	};
	rootObject = 18599A1627C6168000B20FBD /* Project object */;
}
